
Microsoft Visual Studio Solution File, Format Version 12.00
# Visual Studio Version 16
VisualStudioVersion = 16.0.29009.5
MinimumVisualStudioVersion = 10.0.40219.1
Project("{9A19103F-16F7-4668-BE54-9A1E7A4F7556}") = "Digiwallet.Wrapper", "Digiwallet.Wrapper\Digiwallet.Wrapper.csproj", "{46FDE750-6ADB-494E-99F3-A3FC4ED8787E}"
EndProject
Project("{9A19103F-16F7-4668-BE54-9A1E7A4F7556}") = "Digiwallet.Wrapper.Cmd", "Digiwallet.Wrapper.Cmd\Digiwallet.Wrapper.Cmd.csproj", "{23BEF7B0-75DF-4771-99D1-1016ED98F662}"
EndProject
Project("{FAE04EC0-301F-11D3-BF4B-00C04F79EFBC}") = "Digiwallet.Wrapper.Tests", "Digiwallet.Wrapper.Tests\Digiwallet.Wrapper.Tests.csproj", "{03A939D6-DF10-4B9F-A799-7352B1ED191D}"
EndProject
Global
	GlobalSection(SolutionConfigurationPlatforms) = preSolution
		Debug|Any CPU = Debug|Any CPU
		Release|Any CPU = Release|Any CPU
	EndGlobalSection
	GlobalSection(ProjectConfigurationPlatforms) = postSolution
		{46FDE750-6ADB-494E-99F3-A3FC4ED8787E}.Debug|Any CPU.ActiveCfg = Debug|Any CPU
		{46FDE750-6ADB-494E-99F3-A3FC4ED8787E}.Debug|Any CPU.Build.0 = Debug|Any CPU
		{46FDE750-6ADB-494E-99F3-A3FC4ED8787E}.Release|Any CPU.ActiveCfg = Release|Any CPU
		{46FDE750-6ADB-494E-99F3-A3FC4ED8787E}.Release|Any CPU.Build.0 = Release|Any CPU
		{23BEF7B0-75DF-4771-99D1-1016ED98F662}.Debug|Any CPU.ActiveCfg = Debug|Any CPU
		{23BEF7B0-75DF-4771-99D1-1016ED98F662}.Debug|Any CPU.Build.0 = Debug|Any CPU
		{23BEF7B0-75DF-4771-99D1-1016ED98F662}.Release|Any CPU.ActiveCfg = Release|Any CPU
		{23BEF7B0-75DF-4771-99D1-1016ED98F662}.Release|Any CPU.Build.0 = Release|Any CPU
		{03A939D6-DF10-4B9F-A799-7352B1ED191D}.Debug|Any CPU.ActiveCfg = Debug|Any CPU
		{03A939D6-DF10-4B9F-A799-7352B1ED191D}.Debug|Any CPU.Build.0 = Debug|Any CPU
		{03A939D6-DF10-4B9F-A799-7352B1ED191D}.Release|Any CPU.ActiveCfg = Release|Any CPU
		{03A939D6-DF10-4B9F-A799-7352B1ED191D}.Release|Any CPU.Build.0 = Release|Any CPU
	EndGlobalSection
	GlobalSection(SolutionProperties) = preSolution
		HideSolutionNode = FALSE
	EndGlobalSection
	GlobalSection(ExtensibilityGlobals) = postSolution
		SolutionGuid = {50B6022D-E3CB-48D8-8716-45E6BFC75DFA}
	EndGlobalSection
EndGlobal
